{
    "_meta": {
        "hash": {
            "sha256": "b6f57ffec614143f7b58e8227b9388e672567e032514b6293f2566fdfe12377d"
        },
        "host-environment-markers": {
            "implementation_name": "cpython",
            "implementation_version": "3.6.4",
            "os_name": "posix",
            "platform_machine": "x86_64",
            "platform_python_implementation": "CPython",
            "platform_release": "17.4.0",
            "platform_system": "Darwin",
            "platform_version": "Darwin Kernel Version 17.4.0: Sun Dec 17 09:19:54 PST 2017; root:xnu-4570.41.2~1/RELEASE_X86_64",
            "python_full_version": "3.6.4",
            "python_version": "3.6",
            "sys_platform": "darwin"
        },
        "pipfile-spec": 6,
        "requires": {
            "python_version": "3.6"
        },
        "sources": [
            {
                "name": "pypi",
                "url": "https://pypi.python.org/simple",
                "verify_ssl": true
            }
        ]
    },
    "default": {
        "brython": {
            "editable": true,
            "git": "https://github.com/brython-dev/brython.git",
            "ref": "f51804c2e79acc54dddfe356965170e439ce0d12",
            "subdirectory": "setup"
        }
    },
    "develop": {}
}
